// !$*UTF8*$!
{
	archiveVersion = 1;
	classes = {
	};
	objectVersion = 50;
	objects = {

/* Begin PBXBuildFile section */
		551CC2A9827885482C1F972E /* Pods_PrepareApp_PrepareAppUITests.framework in Frameworks */ = {isa = PBXBuildFile; fileRef = 8D087396B737D5C515789A6A /* Pods_PrepareApp_PrepareAppUITests.framework */; };
		B2CF75EDBAF5BB4047AC0374 /* Pods_PrepareApp.framework in Frameworks */ = {isa = PBXBuildFile; fileRef = 2389040A1B1B6290460DF924 /* Pods_PrepareApp.framework */; };
		B47D9320ECAFFBF405CD1209 /* Pods_PrepareApp_PrepareAppTests.framework in Frameworks */ = {isa = PBXBuildFile; fileRef = 88F10C365BF95CC75C3EA23E /* Pods_PrepareApp_PrepareAppTests.framework */; };
		FA702F4123919C2100A5613D /* AppDelegate.swift in Sources */ = {isa = PBXBuildFile; fileRef = FA702F4023919C2100A5613D /* AppDelegate.swift */; };
		FA702F4823919C2200A5613D /* Assets.xcassets in Resources */ = {isa = PBXBuildFile; fileRef = FA702F4723919C2200A5613D /* Assets.xcassets */; };
		FA702F5623919C2200A5613D /* PrepareAppTests.swift in Sources */ = {isa = PBXBuildFile; fileRef = FA702F5523919C2200A5613D /* PrepareAppTests.swift */; };
		FA702F6123919C2200A5613D /* PrepareAppUITests.swift in Sources */ = {isa = PBXBuildFile; fileRef = FA702F6023919C2200A5613D /* PrepareAppUITests.swift */; };
		FA82EA7E2391D2DF003720AA /* LaunchScreen.xib in Resources */ = {isa = PBXBuildFile; fileRef = FA82EA7D2391D2DF003720AA /* LaunchScreen.xib */; };
		FAC2FDF32391B39500C2C9B4 /* HomeController.swift in Sources */ = {isa = PBXBuildFile; fileRef = FAC2FDF12391B39500C2C9B4 /* HomeController.swift */; };
		FAC2FDF42391B39500C2C9B4 /* HomeController.xib in Resources */ = {isa = PBXBuildFile; fileRef = FAC2FDF22391B39500C2C9B4 /* HomeController.xib */; };
		FAC2FDF62391B8F600C2C9B4 /* Post.swift in Sources */ = {isa = PBXBuildFile; fileRef = FAC2FDF52391B8F600C2C9B4 /* Post.swift */; };
/* End PBXBuildFile section */

/* Begin PBXContainerItemProxy section */
		FA702F5223919C2200A5613D /* PBXContainerItemProxy */ = {
			isa = PBXContainerItemProxy;
			containerPortal = FA702F3523919C2100A5613D /* Project object */;
			proxyType = 1;
			remoteGlobalIDString = FA702F3C23919C2100A5613D;
			remoteInfo = PrepareApp;
		};
		FA702F5D23919C2200A5613D /* PBXContainerItemProxy */ = {
			isa = PBXContainerItemProxy;
			containerPortal = FA702F3523919C2100A5613D /* Project object */;
			proxyType = 1;
			remoteGlobalIDString = FA702F3C23919C2100A5613D;
			remoteInfo = PrepareApp;
		};
/* End PBXContainerItemProxy section */

/* Begin PBXFileReference section */
		099A2215760800AD3E10B1CB /* Pods-PrepareApp-PrepareAppTests.debug.xcconfig */ = {isa = PBXFileReference; includeInIndex = 1; lastKnownFileType = text.xcconfig; name = "Pods-PrepareApp-PrepareAppTests.debug.xcconfig"; path = "Target Support Files/Pods-PrepareApp-PrepareAppTests/Pods-PrepareApp-PrepareAppTests.debug.xcconfig"; sourceTree = "<group>"; };
		16A711CC0782156E151ECDEE /* Pods-PrepareApp.debug.xcconfig */ = {isa = PBXFileReference; includeInIndex = 1; lastKnownFileType = text.xcconfig; name = "Pods-PrepareApp.debug.xcconfig"; path = "Target Support Files/Pods-PrepareApp/Pods-PrepareApp.debug.xcconfig"; sourceTree = "<group>"; };
		2389040A1B1B6290460DF924 /* Pods_PrepareApp.framework */ = {isa = PBXFileReference; explicitFileType = wrapper.framework; includeInIndex = 0; path = Pods_PrepareApp.framework; sourceTree = BUILT_PRODUCTS_DIR; };
		88F10C365BF95CC75C3EA23E /* Pods_PrepareApp_PrepareAppTests.framework */ = {isa = PBXFileReference; explicitFileType = wrapper.framework; includeInIndex = 0; path = Pods_PrepareApp_PrepareAppTests.framework; sourceTree = BUILT_PRODUCTS_DIR; };
		8D087396B737D5C515789A6A /* Pods_PrepareApp_PrepareAppUITests.framework */ = {isa = PBXFileReference; explicitFileType = wrapper.framework; includeInIndex = 0; path = Pods_PrepareApp_PrepareAppUITests.framework; sourceTree = BUILT_PRODUCTS_DIR; };
		B03AB41FAB6EABA9788D9A62 /* Pods-PrepareApp-PrepareAppTests.release.xcconfig */ = {isa = PBXFileReference; includeInIndex = 1; lastKnownFileType = text.xcconfig; name = "Pods-PrepareApp-PrepareAppTests.release.xcconfig"; path = "Target Support Files/Pods-PrepareApp-PrepareAppTests/Pods-PrepareApp-PrepareAppTests.release.xcconfig"; sourceTree = "<group>"; };
		B9B2E9D2DE653616D02B82D7 /* Pods-PrepareApp-PrepareAppUITests.release.xcconfig */ = {isa = PBXFileReference; includeInIndex = 1; lastKnownFileType = text.xcconfig; name = "Pods-PrepareApp-PrepareAppUITests.release.xcconfig"; path = "Target Support Files/Pods-PrepareApp-PrepareAppUITests/Pods-PrepareApp-PrepareAppUITests.release.xcconfig"; sourceTree = "<group>"; };
		C0A7A8DA21C47502E9D09BE7 /* Pods-PrepareApp.release.xcconfig */ = {isa = PBXFileReference; includeInIndex = 1; lastKnownFileType = text.xcconfig; name = "Pods-PrepareApp.release.xcconfig"; path = "Target Support Files/Pods-PrepareApp/Pods-PrepareApp.release.xcconfig"; sourceTree = "<group>"; };
		E42107B488122C35336F0774 /* Pods-PrepareApp-PrepareAppUITests.debug.xcconfig */ = {isa = PBXFileReference; includeInIndex = 1; lastKnownFileType = text.xcconfig; name = "Pods-PrepareApp-PrepareAppUITests.debug.xcconfig"; path = "Target Support Files/Pods-PrepareApp-PrepareAppUITests/Pods-PrepareApp-PrepareAppUITests.debug.xcconfig"; sourceTree = "<group>"; };
		FA702F3D23919C2100A5613D /* PrepareApp.app */ = {isa = PBXFileReference; explicitFileType = wrapper.application; includeInIndex = 0; path = PrepareApp.app; sourceTree = BUILT_PRODUCTS_DIR; };
		FA702F4023919C2100A5613D /* AppDelegate.swift */ = {isa = PBXFileReference; lastKnownFileType = sourcecode.swift; path = AppDelegate.swift; sourceTree = "<group>"; };
		FA702F4723919C2200A5613D /* Assets.xcassets */ = {isa = PBXFileReference; lastKnownFileType = folder.assetcatalog; path = Assets.xcassets; sourceTree = "<group>"; };
		FA702F4C23919C2200A5613D /* Info.plist */ = {isa = PBXFileReference; lastKnownFileType = text.plist.xml; path = Info.plist; sourceTree = "<group>"; };
		FA702F5123919C2200A5613D /* PrepareAppTests.xctest */ = {isa = PBXFileReference; explicitFileType = wrapper.cfbundle; includeInIndex = 0; path = PrepareAppTests.xctest; sourceTree = BUILT_PRODUCTS_DIR; };
		FA702F5523919C2200A5613D /* PrepareAppTests.swift */ = {isa = PBXFileReference; lastKnownFileType = sourcecode.swift; path = PrepareAppTests.swift; sourceTree = "<group>"; };
		FA702F5723919C2200A5613D /* Info.plist */ = {isa = PBXFileReference; lastKnownFileType = text.plist.xml; path = Info.plist; sourceTree = "<group>"; };
		FA702F5C23919C2200A5613D /* PrepareAppUITests.xctest */ = {isa = PBXFileReference; explicitFileType = wrapper.cfbundle; includeInIndex = 0; path = PrepareAppUITests.xctest; sourceTree = BUILT_PRODUCTS_DIR; };
		FA702F6023919C2200A5613D /* PrepareAppUITests.swift */ = {isa = PBXFileReference; lastKnownFileType = sourcecode.swift; path = PrepareAppUITests.swift; sourceTree = "<group>"; };
		FA702F6223919C2200A5613D /* Info.plist */ = {isa = PBXFileReference; lastKnownFileType = text.plist.xml; path = Info.plist; sourceTree = "<group>"; };
		FA82EA7D2391D2DF003720AA /* LaunchScreen.xib */ = {isa = PBXFileReference; lastKnownFileType = file.xib; path = LaunchScreen.xib; sourceTree = "<group>"; };
		FAC2FDF12391B39500C2C9B4 /* HomeController.swift */ = {isa = PBXFileReference; lastKnownFileType = sourcecode.swift; path = HomeController.swift; sourceTree = "<group>"; };
		FAC2FDF22391B39500C2C9B4 /* HomeController.xib */ = {isa = PBXFileReference; lastKnownFileType = file.xib; path = HomeController.xib; sourceTree = "<group>"; };
		FAC2FDF52391B8F600C2C9B4 /* Post.swift */ = {isa = PBXFileReference; lastKnownFileType = sourcecode.swift; path = Post.swift; sourceTree = "<group>"; };
/* End PBXFileReference section */

/* Begin PBXFrameworksBuildPhase section */
		FA702F3A23919C2100A5613D /* Frameworks */ = {
			isa = PBXFrameworksBuildPhase;
			buildActionMask = 2147483647;
			files = (
				B2CF75EDBAF5BB4047AC0374 /* Pods_PrepareApp.framework in Frameworks */,
			);
			runOnlyForDeploymentPostprocessing = 0;
		};
		FA702F4E23919C2200A5613D /* Frameworks */ = {
			isa = PBXFrameworksBuildPhase;
			buildActionMask = 2147483647;
			files = (
				B47D9320ECAFFBF405CD1209 /* Pods_PrepareApp_PrepareAppTests.framework in Frameworks */,
			);
			runOnlyForDeploymentPostprocessing = 0;
		};
		FA702F5923919C2200A5613D /* Frameworks */ = {
			isa = PBXFrameworksBuildPhase;
			buildActionMask = 2147483647;
			files = (
				551CC2A9827885482C1F972E /* Pods_PrepareApp_PrepareAppUITests.framework in Frameworks */,
			);
			runOnlyForDeploymentPostprocessing = 0;
		};
/* End PBXFrameworksBuildPhase section */

/* Begin PBXGroup section */
		3544C51F2ABCCC2D6D2BA496 /* Frameworks */ = {
			isa = PBXGroup;
			children = (
				2389040A1B1B6290460DF924 /* Pods_PrepareApp.framework */,
				88F10C365BF95CC75C3EA23E /* Pods_PrepareApp_PrepareAppTests.framework */,
				8D087396B737D5C515789A6A /* Pods_PrepareApp_PrepareAppUITests.framework */,
			);
			name = Frameworks;
			sourceTree = "<group>";
		};
		A5238181BD885D373F3782B1 /* Pods */ = {
			isa = PBXGroup;
			children = (
				16A711CC0782156E151ECDEE /* Pods-PrepareApp.debug.xcconfig */,
				C0A7A8DA21C47502E9D09BE7 /* Pods-PrepareApp.release.xcconfig */,
				099A2215760800AD3E10B1CB /* Pods-PrepareApp-PrepareAppTests.debug.xcconfig */,
				B03AB41FAB6EABA9788D9A62 /* Pods-PrepareApp-PrepareAppTests.release.xcconfig */,
				E42107B488122C35336F0774 /* Pods-PrepareApp-PrepareAppUITests.debug.xcconfig */,
				B9B2E9D2DE653616D02B82D7 /* Pods-PrepareApp-PrepareAppUITests.release.xcconfig */,
			);
			name = Pods;
			path = Pods;
			sourceTree = "<group>";
		};
		FA702F3423919C2100A5613D = {
			isa = PBXGroup;
			children = (
				FA702F3F23919C2100A5613D /* PrepareApp */,
				FA702F5423919C2200A5613D /* PrepareAppTests */,
				FA702F5F23919C2200A5613D /* PrepareAppUITests */,
				FA702F3E23919C2100A5613D /* Products */,
				A5238181BD885D373F3782B1 /* Pods */,
				3544C51F2ABCCC2D6D2BA496 /* Frameworks */,
			);
			sourceTree = "<group>";
		};
		FA702F3E23919C2100A5613D /* Products */ = {
			isa = PBXGroup;
			children = (
				FA702F3D23919C2100A5613D /* PrepareApp.app */,
				FA702F5123919C2200A5613D /* PrepareAppTests.xctest */,
				FA702F5C23919C2200A5613D /* PrepareAppUITests.xctest */,
			);
			name = Products;
			sourceTree = "<group>";
		};
		FA702F3F23919C2100A5613D /* PrepareApp */ = {
			isa = PBXGroup;
			children = (
				FAC2FDE62391B1F200C2C9B4 /* Global */,
				FAC2FDEC2391B26300C2C9B4 /* Home */,
				FA702F4723919C2200A5613D /* Assets.xcassets */,
				FA702F4C23919C2200A5613D /* Info.plist */,
			);
			path = PrepareApp;
			sourceTree = "<group>";
		};
		FA702F5423919C2200A5613D /* PrepareAppTests */ = {
			isa = PBXGroup;
			children = (
				FA702F5523919C2200A5613D /* PrepareAppTests.swift */,
				FA702F5723919C2200A5613D /* Info.plist */,
			);
			path = PrepareAppTests;
			sourceTree = "<group>";
		};
		FA702F5F23919C2200A5613D /* PrepareAppUITests */ = {
			isa = PBXGroup;
			children = (
				FA702F6023919C2200A5613D /* PrepareAppUITests.swift */,
				FA702F6223919C2200A5613D /* Info.plist */,
			);
			path = PrepareAppUITests;
			sourceTree = "<group>";
		};
		FAC2FDE62391B1F200C2C9B4 /* Global */ = {
			isa = PBXGroup;
			children = (
				FA702F4023919C2100A5613D /* AppDelegate.swift */,
				FA82EA7D2391D2DF003720AA /* LaunchScreen.xib */,
			);
			path = Global;
			sourceTree = "<group>";
		};
		FAC2FDEC2391B26300C2C9B4 /* Home */ = {
			isa = PBXGroup;
			children = (
				FAC2FDED2391B30600C2C9B4 /* Model */,
				FAC2FDEE2391B33C00C2C9B4 /* View */,
				FAC2FDEF2391B34300C2C9B4 /* Controller */,
				FAC2FDF02391B34900C2C9B4 /* Service */,
			);
			path = Home;
			sourceTree = "<group>";
		};
		FAC2FDED2391B30600C2C9B4 /* Model */ = {
			isa = PBXGroup;
			children = (
				FAC2FDF52391B8F600C2C9B4 /* Post.swift */,
			);
			path = Model;
			sourceTree = "<group>";
		};
		FAC2FDEE2391B33C00C2C9B4 /* View */ = {
			isa = PBXGroup;
			children = (
			);
			path = View;
			sourceTree = "<group>";
		};
		FAC2FDEF2391B34300C2C9B4 /* Controller */ = {
			isa = PBXGroup;
			children = (
				FAC2FDF22391B39500C2C9B4 /* HomeController.xib */,
				FAC2FDF12391B39500C2C9B4 /* HomeController.swift */,
			);
			path = Controller;
			sourceTree = "<group>";
		};
		FAC2FDF02391B34900C2C9B4 /* Service */ = {
			isa = PBXGroup;
			children = (
			);
			path = Service;
			sourceTree = "<group>";
		};
/* End PBXGroup section */

/* Begin PBXNativeTarget section */
		FA702F3C23919C2100A5613D /* PrepareApp */ = {
			isa = PBXNativeTarget;
			buildConfigurationList = FA702F6523919C2200A5613D /* Build configuration list for PBXNativeTarget "PrepareApp" */;
			buildPhases = (
				56C0E97C606328EA406D1550 /* [CP] Check Pods Manifest.lock */,
				FA702F3923919C2100A5613D /* Sources */,
				FA702F3A23919C2100A5613D /* Frameworks */,
				FA702F3B23919C2100A5613D /* Resources */,
			);
			buildRules = (
			);
			dependencies = (
			);
			name = PrepareApp;
			productName = PrepareApp;
			productReference = FA702F3D23919C2100A5613D /* PrepareApp.app */;
			productType = "com.apple.product-type.application";
		};
		FA702F5023919C2200A5613D /* PrepareAppTests */ = {
			isa = PBXNativeTarget;
			buildConfigurationList = FA702F6823919C2200A5613D /* Build configuration list for PBXNativeTarget "PrepareAppTests" */;
			buildPhases = (
				D5A855FE4F977B6FEE703B4E /* [CP] Check Pods Manifest.lock */,
				FA702F4D23919C2200A5613D /* Sources */,
				FA702F4E23919C2200A5613D /* Frameworks */,
				FA702F4F23919C2200A5613D /* Resources */,
				F9A29489736EB96E8839FE84 /* [CP] Embed Pods Frameworks */,
			);
			buildRules = (
			);
			dependencies = (
				FA702F5323919C2200A5613D /* PBXTargetDependency */,
			);
			name = PrepareAppTests;
			productName = PrepareAppTests;
			productReference = FA702F5123919C2200A5613D /* PrepareAppTests.xctest */;
			productType = "com.apple.product-type.bundle.unit-test";
		};
		FA702F5B23919C2200A5613D /* PrepareAppUITests */ = {
			isa = PBXNativeTarget;
			buildConfigurationList = FA702F6B23919C2200A5613D /* Build configuration list for PBXNativeTarget "PrepareAppUITests" */;
			buildPhases = (
				5BCD69A7D61ED4F41C4EB2AC /* [CP] Check Pods Manifest.lock */,
				FA702F5823919C2200A5613D /* Sources */,
				FA702F5923919C2200A5613D /* Frameworks */,
				FA702F5A23919C2200A5613D /* Resources */,
				AC728AFD9B0189A4B1B11E29 /* [CP] Embed Pods Frameworks */,
			);
			buildRules = (
			);
			dependencies = (
				FA702F5E23919C2200A5613D /* PBXTargetDependency */,
			);
			name = PrepareAppUITests;
			productName = PrepareAppUITests;
			productReference = FA702F5C23919C2200A5613D /* PrepareAppUITests.xctest */;
			productType = "com.apple.product-type.bundle.ui-testing";
		};
/* End PBXNativeTarget section */

/* Begin PBXProject section */
		FA702F3523919C2100A5613D /* Project object */ = {
			isa = PBXProject;
			attributes = {
				LastSwiftUpdateCheck = 1010;
				LastUpgradeCheck = 1010;
				ORGANIZATIONNAME = Mac1;
				TargetAttributes = {
					FA702F3C23919C2100A5613D = {
						CreatedOnToolsVersion = 10.1;
					};
					FA702F5023919C2200A5613D = {
						CreatedOnToolsVersion = 10.1;
						TestTargetID = FA702F3C23919C2100A5613D;
					};
					FA702F5B23919C2200A5613D = {
						CreatedOnToolsVersion = 10.1;
						TestTargetID = FA702F3C23919C2100A5613D;
					};
				};
			};
			buildConfigurationList = FA702F3823919C2100A5613D /* Build configuration list for PBXProject "PrepareApp" */;
			compatibilityVersion = "Xcode 9.3";
			developmentRegion = en;
			hasScannedForEncodings = 0;
			knownRegions = (
				en,
				Base,
			);
			mainGroup = FA702F3423919C2100A5613D;
			productRefGroup = FA702F3E23919C2100A5613D /* Products */;
			projectDirPath = "";
			projectRoot = "";
			targets = (
				FA702F3C23919C2100A5613D /* PrepareApp */,
				FA702F5023919C2200A5613D /* PrepareAppTests */,
				FA702F5B23919C2200A5613D /* PrepareAppUITests */,
			);
		};
/* End PBXProject section */

/* Begin PBXResourcesBuildPhase section */
		FA702F3B23919C2100A5613D /* Resources */ = {
			isa = PBXResourcesBuildPhase;
			buildActionMask = 2147483647;
			files = (
				FA82EA7E2391D2DF003720AA /* LaunchScreen.xib in Resources */,
				FAC2FDF42391B39500C2C9B4 /* HomeController.xib in Resources */,
				FA702F4823919C2200A5613D /* Assets.xcassets in Resources */,
			);
			runOnlyForDeploymentPostprocessing = 0;
		};
		FA702F4F23919C2200A5613D /* Resources */ = {
			isa = PBXResourcesBuildPhase;
			buildActionMask = 2147483647;
			files = (
			);
			runOnlyForDeploymentPostprocessing = 0;
		};
		FA702F5A23919C2200A5613D /* Resources */ = {
			isa = PBXResourcesBuildPhase;
			buildActionMask = 2147483647;
			files = (
			);
			runOnlyForDeploymentPostprocessing = 0;
		};
/* End PBXResourcesBuildPhase section */

/* Begin PBXShellScriptBuildPhase section */
		56C0E97C606328EA406D1550 /* [CP] Check Pods Manifest.lock */ = {
			isa = PBXShellScriptBuildPhase;
			buildActionMask = 2147483647;
			files = (
			);
			inputFileListPaths = (
			);
			inputPaths = (
				"${PODS_PODFILE_DIR_PATH}/Podfile.lock",
				"${PODS_ROOT}/Manifest.lock",
			);
			name = "[CP] Check Pods Manifest.lock";
			outputFileListPaths = (
			);
			outputPaths = (
				"$(DERIVED_FILE_DIR)/Pods-PrepareApp-checkManifestLockResult.txt",
			);
			runOnlyForDeploymentPostprocessing = 0;
			shellPath = /bin/sh;
			shellScript = "diff \"${PODS_PODFILE_DIR_PATH}/Podfile.lock\" \"${PODS_ROOT}/Manifest.lock\" > /dev/null\nif [ $? != 0 ] ; then\n    # print error to STDERR\n    echo \"error: The sandbox is not in sync with the Podfile.lock. Run 'pod install' or update your CocoaPods installation.\" >&2\n    exit 1\nfi\n# This output is used by Xcode 'outputs' to avoid re-running this script phase.\necho \"SUCCESS\" > \"${SCRIPT_OUTPUT_FILE_0}\"\n";
			showEnvVarsInLog = 0;
		};
		5BCD69A7D61ED4F41C4EB2AC /* [CP] Check Pods Manifest.lock */ = {
			isa = PBXShellScriptBuildPhase;
			buildActionMask = 2147483647;
			files = (
			);
			inputFileListPaths = (
			);
			inputPaths = (
				"${PODS_PODFILE_DIR_PATH}/Podfile.lock",
				"${PODS_ROOT}/Manifest.lock",
			);
			name = "[CP] Check Pods Manifest.lock";
			outputFileListPaths = (
			);
			outputPaths = (
				"$(DERIVED_FILE_DIR)/Pods-PrepareApp-PrepareAppUITests-checkManifestLockResult.txt",
			);
			runOnlyForDeploymentPostprocessing = 0;
			shellPath = /bin/sh;
			shellScript = "diff \"${PODS_PODFILE_DIR_PATH}/Podfile.lock\" \"${PODS_ROOT}/Manifest.lock\" > /dev/null\nif [ $? != 0 ] ; then\n    # print error to STDERR\n    echo \"error: The sandbox is not in sync with the Podfile.lock. Run 'pod install' or update your CocoaPods installation.\" >&2\n    exit 1\nfi\n# This output is used by Xcode 'outputs' to avoid re-running this script phase.\necho \"SUCCESS\" > \"${SCRIPT_OUTPUT_FILE_0}\"\n";
			showEnvVarsInLog = 0;
		};
		AC728AFD9B0189A4B1B11E29 /* [CP] Embed Pods Frameworks */ = {
			isa = PBXShellScriptBuildPhase;
			buildActionMask = 2147483647;
			files = (
			);
			inputFileListPaths = (
				"${PODS_ROOT}/Target Support Files/Pods-PrepareApp-PrepareAppUITests/Pods-PrepareApp-PrepareAppUITests-frameworks-${CONFIGURATION}-input-files.xcfilelist",
			);
			name = "[CP] Embed Pods Frameworks";
			outputFileListPaths = (
				"${PODS_ROOT}/Target Support Files/Pods-PrepareApp-PrepareAppUITests/Pods-PrepareApp-PrepareAppUITests-frameworks-${CONFIGURATION}-output-files.xcfilelist",
			);
			runOnlyForDeploymentPostprocessing = 0;
			shellPath = /bin/sh;
			shellScript = "\"${PODS_ROOT}/Target Support Files/Pods-PrepareApp-PrepareAppUITests/Pods-PrepareApp-PrepareAppUITests-frameworks.sh\"\n";
			showEnvVarsInLog = 0;
		};
		D5A855FE4F977B6FEE703B4E /* [CP] Check Pods Manifest.lock */ = {
			isa = PBXShellScriptBuildPhase;
			buildActionMask = 2147483647;
			files = (
			);
			inputFileListPaths = (
			);
			inputPaths = (
				"${PODS_PODFILE_DIR_PATH}/Podfile.lock",
				"${PODS_ROOT}/Manifest.lock",
			);
			name = "[CP] Check Pods Manifest.lock";
			outputFileListPaths = (
			);
			outputPaths = (
				"$(DERIVED_FILE_DIR)/Pods-PrepareApp-PrepareAppTests-checkManifestLockResult.txt",
			);
			runOnlyForDeploymentPostprocessing = 0;
			shellPath = /bin/sh;
			shellScript = "diff \"${PODS_PODFILE_DIR_PATH}/Podfile.lock\" \"${PODS_ROOT}/Manifest.lock\" > /dev/null\nif [ $? != 0 ] ; then\n    # print error to STDERR\n    echo \"error: The sandbox is not in sync with the Podfile.lock. Run 'pod install' or update your CocoaPods installation.\" >&2\n    exit 1\nfi\n# This output is used by Xcode 'outputs' to avoid re-running this script phase.\necho \"SUCCESS\" > \"${SCRIPT_OUTPUT_FILE_0}\"\n";
			showEnvVarsInLog = 0;
		};
		F9A29489736EB96E8839FE84 /* [CP] Embed Pods Frameworks */ = {
			isa = PBXShellScriptBuildPhase;
			buildActionMask = 2147483647;
			files = (
			);
			inputFileListPaths = (
				"${PODS_ROOT}/Target Support Files/Pods-PrepareApp-PrepareAppTests/Pods-PrepareApp-PrepareAppTests-frameworks-${CONFIGURATION}-input-files.xcfilelist",
			);
			name = "[CP] Embed Pods Frameworks";
			outputFileListPaths = (
				"${PODS_ROOT}/Target Support Files/Pods-PrepareApp-PrepareAppTests/Pods-PrepareApp-PrepareAppTests-frameworks-${CONFIGURATION}-output-files.xcfilelist",
			);
			runOnlyForDeploymentPostprocessing = 0;
			shellPath = /bin/sh;
			shellScript = "\"${PODS_ROOT}/Target Support Files/Pods-PrepareApp-PrepareAppTests/Pods-PrepareApp-PrepareAppTests-frameworks.sh\"\n";
			showEnvVarsInLog = 0;
		};
/* End PBXShellScriptBuildPhase section */

/* Begin PBXSourcesBuildPhase section */
		FA702F3923919C2100A5613D /* Sources */ = {
			isa = PBXSourcesBuildPhase;
			buildActionMask = 2147483647;
			files = (
				FAC2FDF62391B8F600C2C9B4 /* Post.swift in Sources */,
				FAC2FDF32391B39500C2C9B4 /* HomeController.swift in Sources */,
				FA702F4123919C2100A5613D /* AppDelegate.swift in Sources */,
			);
			runOnlyForDeploymentPostprocessing = 0;
		};
		FA702F4D23919C2200A5613D /* Sources */ = {
			isa = PBXSourcesBuildPhase;
			buildActionMask = 2147483647;
			files = (
				FA702F5623919C2200A5613D /* PrepareAppTests.swift in Sources */,
			);
			runOnlyForDeploymentPostprocessing = 0;
		};
		FA702F5823919C2200A5613D /* Sources */ = {
			isa = PBXSourcesBuildPhase;
			buildActionMask = 2147483647;
			files = (
				FA702F6123919C2200A5613D /* PrepareAppUITests.swift in Sources */,
			);
			runOnlyForDeploymentPostprocessing = 0;
		};
/* End PBXSourcesBuildPhase section */

/* Begin PBXTargetDependency section */
		FA702F5323919C2200A5613D /* PBXTargetDependency */ = {
			isa = PBXTargetDependency;
			target = FA702F3C23919C2100A5613D /* PrepareApp */;
			targetProxy = FA702F5223919C2200A5613D /* PBXContainerItemProxy */;
		};
		FA702F5E23919C2200A5613D /* PBXTargetDependency */ = {
			isa = PBXTargetDependency;
			target = FA702F3C23919C2100A5613D /* PrepareApp */;
			targetProxy = FA702F5D23919C2200A5613D /* PBXContainerItemProxy */;
		};
/* End PBXTargetDependency section */

/* Begin XCBuildConfiguration section */
		FA702F6323919C2200A5613D /* Debug */ = {
			isa = XCBuildConfiguration;
			buildSettings = {
				ALWAYS_SEARCH_USER_PATHS = NO;
				CLANG_ANALYZER_NONNULL = YES;
				CLANG_ANALYZER_NUMBER_OBJECT_CONVERSION = YES_AGGRESSIVE;
				CLANG_CXX_LANGUAGE_STANDARD = "gnu++14";
				CLANG_CXX_LIBRARY = "libc++";
				CLANG_ENABLE_MODULES = YES;
				CLANG_ENABLE_OBJC_ARC = YES;
				CLANG_ENABLE_OBJC_WEAK = YES;
				CLANG_WARN_BLOCK_CAPTURE_AUTORELEASING = YES;
				CLANG_WARN_BOOL_CONVERSION = YES;
				CLANG_WARN_COMMA = YES;
				CLANG_WARN_CONSTANT_CONVERSION = YES;
				CLANG_WARN_DEPRECATED_OBJC_IMPLEMENTATIONS = YES;
				CLANG_WARN_DIRECT_OBJC_ISA_USAGE = YES_ERROR;
				CLANG_WARN_DOCUMENTATION_COMMENTS = YES;
				CLANG_WARN_EMPTY_BODY = YES;
				CLANG_WARN_ENUM_CONVERSION = YES;
				CLANG_WARN_INFINITE_RECURSION = YES;
				CLANG_WARN_INT_CONVERSION = YES;
				CLANG_WARN_NON_LITERAL_NULL_CONVERSION = YES;
				CLANG_WARN_OBJC_IMPLICIT_RETAIN_SELF = YES;
				CLANG_WARN_OBJC_LITERAL_CONVERSION = YES;
				CLANG_WARN_OBJC_ROOT_CLASS = YES_ERROR;
				CLANG_WARN_RANGE_LOOP_ANALYSIS = YES;
				CLANG_WARN_STRICT_PROTOTYPES = YES;
				CLANG_WARN_SUSPICIOUS_MOVE = YES;
				CLANG_WARN_UNGUARDED_AVAILABILITY = YES_AGGRESSIVE;
				CLANG_WARN_UNREACHABLE_CODE = YES;
				CLANG_WARN__DUPLICATE_METHOD_MATCH = YES;
				CODE_SIGN_IDENTITY = "iPhone Developer";
				COPY_PHASE_STRIP = NO;
				DEBUG_INFORMATION_FORMAT = dwarf;
				ENABLE_STRICT_OBJC_MSGSEND = YES;
				ENABLE_TESTABILITY = YES;
				GCC_C_LANGUAGE_STANDARD = gnu11;
				GCC_DYNAMIC_NO_PIC = NO;
				GCC_NO_COMMON_BLOCKS = YES;
				GCC_OPTIMIZATION_LEVEL = 0;
				GCC_PREPROCESSOR_DEFINITIONS = (
					"DEBUG=1",
					"$(inherited)",
				);
				GCC_WARN_64_TO_32_BIT_CONVERSION = YES;
				GCC_WARN_ABOUT_RETURN_TYPE = YES_ERROR;
				GCC_WARN_UNDECLARED_SELECTOR = YES;
				GCC_WARN_UNINITIALIZED_AUTOS = YES_AGGRESSIVE;
				GCC_WARN_UNUSED_FUNCTION = YES;
				GCC_WARN_UNUSED_VARIABLE = YES;
				IPHONEOS_DEPLOYMENT_TARGET = 12.1;
				MTL_ENABLE_DEBUG_INFO = INCLUDE_SOURCE;
				MTL_FAST_MATH = YES;
				ONLY_ACTIVE_ARCH = YES;
				SDKROOT = iphoneos;
				SWIFT_ACTIVE_COMPILATION_CONDITIONS = DEBUG;
				SWIFT_OPTIMIZATION_LEVEL = "-Onone";
			};
			name = Debug;
		};
		FA702F6423919C2200A5613D /* Release */ = {
			isa = XCBuildConfiguration;
			buildSettings = {
				ALWAYS_SEARCH_USER_PATHS = NO;
				CLANG_ANALYZER_NONNULL = YES;
				CLANG_ANALYZER_NUMBER_OBJECT_CONVERSION = YES_AGGRESSIVE;
				CLANG_CXX_LANGUAGE_STANDARD = "gnu++14";
				CLANG_CXX_LIBRARY = "libc++";
				CLANG_ENABLE_MODULES = YES;
				CLANG_ENABLE_OBJC_ARC = YES;
				CLANG_ENABLE_OBJC_WEAK = YES;
				CLANG_WARN_BLOCK_CAPTURE_AUTORELEASING = YES;
				CLANG_WARN_BOOL_CONVERSION = YES;
				CLANG_WARN_COMMA = YES;
				CLANG_WARN_CONSTANT_CONVERSION = YES;
				CLANG_WARN_DEPRECATED_OBJC_IMPLEMENTATIONS = YES;
				CLANG_WARN_DIRECT_OBJC_ISA_USAGE = YES_ERROR;
				CLANG_WARN_DOCUMENTATION_COMMENTS = YES;
				CLANG_WARN_EMPTY_BODY = YES;
				CLANG_WARN_ENUM_CONVERSION = YES;
				CLANG_WARN_INFINITE_RECURSION = YES;
				CLANG_WARN_INT_CONVERSION = YES;
				CLANG_WARN_NON_LITERAL_NULL_CONVERSION = YES;
				CLANG_WARN_OBJC_IMPLICIT_RETAIN_SELF = YES;
				CLANG_WARN_OBJC_LITERAL_CONVERSION = YES;
				CLANG_WARN_OBJC_ROOT_CLASS = YES_ERROR;
				CLANG_WARN_RANGE_LOOP_ANALYSIS = YES;
				CLANG_WARN_STRICT_PROTOTYPES = YES;
				CLANG_WARN_SUSPICIOUS_MOVE = YES;
				CLANG_WARN_UNGUARDED_AVAILABILITY = YES_AGGRESSIVE;
				CLANG_WARN_UNREACHABLE_CODE = YES;
				CLANG_WARN__DUPLICATE_METHOD_MATCH = YES;
				CODE_SIGN_IDENTITY = "iPhone Developer";
				COPY_PHASE_STRIP = NO;
				DEBUG_INFORMATION_FORMAT = "dwarf-with-dsym";
				ENABLE_NS_ASSERTIONS = NO;
				ENABLE_STRICT_OBJC_MSGSEND = YES;
				GCC_C_LANGUAGE_STANDARD = gnu11;
				GCC_NO_COMMON_BLOCKS = YES;
				GCC_WARN_64_TO_32_BIT_CONVERSION = YES;
				GCC_WARN_ABOUT_RETURN_TYPE = YES_ERROR;
				GCC_WARN_UNDECLARED_SELECTOR = YES;
				GCC_WARN_UNINITIALIZED_AUTOS = YES_AGGRESSIVE;
				GCC_WARN_UNUSED_FUNCTION = YES;
				GCC_WARN_UNUSED_VARIABLE = YES;
				IPHONEOS_DEPLOYMENT_TARGET = 12.1;
				MTL_ENABLE_DEBUG_INFO = NO;
				MTL_FAST_MATH = YES;
				SDKROOT = iphoneos;
				SWIFT_COMPILATION_MODE = wholemodule;
				SWIFT_OPTIMIZATION_LEVEL = "-O";
				VALIDATE_PRODUCT = YES;
			};
			name = Release;
		};
		FA702F6623919C2200A5613D /* Debug */ = {
			isa = XCBuildConfiguration;
			baseConfigurationReference = 16A711CC0782156E151ECDEE /* Pods-PrepareApp.debug.xcconfig */;
			buildSettings = {
				ASSETCATALOG_COMPILER_APPICON_NAME = AppIcon;
				CODE_SIGN_STYLE = Automatic;
				DEVELOPMENT_TEAM = 9FE2ZR62M8;
				INFOPLIST_FILE = PrepareApp/Info.plist;
				LD_RUNPATH_SEARCH_PATHS = (
					"$(inherited)",
					"@executable_path/Frameworks",
				);
				PRODUCT_BUNDLE_IDENTIFIER = com.aridov.PrepareApp;
				PRODUCT_NAME = "$(TARGET_NAME)";
				SWIFT_VERSION = 4.2;
				TARGETED_DEVICE_FAMILY = 1;
			};
			name = Debug;
		};
		FA702F6723919C2200A5613D /* Release */ = {
			isa = XCBuildConfiguration;
			baseConfigurationReference = C0A7A8DA21C47502E9D09BE7 /* Pods-PrepareApp.release.xcconfig */;
			buildSettings = {
				ASSETCATALOG_COMPILER_APPICON_NAME = AppIcon;
				CODE_SIGN_STYLE = Automatic;
				DEVELOPMENT_TEAM = 9FE2ZR62M8;
				INFOPLIST_FILE = PrepareApp/Info.plist;
				LD_RUNPATH_SEARCH_PATHS = (
					"$(inherited)",
					"@executable_path/Frameworks",
				);
				PRODUCT_BUNDLE_IDENTIFIER = com.aridov.PrepareApp;
				PRODUCT_NAME = "$(TARGET_NAME)";
				SWIFT_VERSION = 4.2;
				TARGETED_DEVICE_FAMILY = 1;
			};
			name = Release;
		};
		FA702F6923919C2200A5613D /* Debug */ = {
			isa = XCBuildConfiguration;
			baseConfigurationReference = 099A2215760800AD3E10B1CB /* Pods-PrepareApp-PrepareAppTests.debug.xcconfig */;
			buildSettings = {
				ALWAYS_EMBED_SWIFT_STANDARD_LIBRARIES = YES;
				BUNDLE_LOADER = "$(TEST_HOST)";
				CODE_SIGN_STYLE = Automatic;
				INFOPLIST_FILE = PrepareAppTests/Info.plist;
				LD_RUNPATH_SEARCH_PATHS = (
					"$(inherited)",
					"@executable_path/Frameworks",
					"@loader_path/Frameworks",
				);
				PRODUCT_BUNDLE_IDENTIFIER = com.aridov.PrepareAppTests;
				PRODUCT_NAME = "$(TARGET_NAME)";
				SWIFT_VERSION = 4.2;
				TARGETED_DEVICE_FAMILY = "1,2";
				TEST_HOST = "$(BUILT_PRODUCTS_DIR)/PrepareApp.app/PrepareApp";
			};
			name = Debug;
		};
		FA702F6A23919C2200A5613D /* Release */ = {
			isa = XCBuildConfiguration;
			baseConfigurationReference = B03AB41FAB6EABA9788D9A62 /* Pods-PrepareApp-PrepareAppTests.release.xcconfig */;
			buildSettings = {
				ALWAYS_EMBED_SWIFT_STANDARD_LIBRARIES = YES;
				BUNDLE_LOADER = "$(TEST_HOST)";
				CODE_SIGN_STYLE = Automatic;
				INFOPLIST_FILE = PrepareAppTests/Info.plist;
				LD_RUNPATH_SEARCH_PATHS = (
					"$(inherited)",
					"@executable_path/Frameworks",
					"@loader_path/Frameworks",
				);
				PRODUCT_BUNDLE_IDENTIFIER = com.aridov.PrepareAppTests;
				PRODUCT_NAME = "$(TARGET_NAME)";
				SWIFT_VERSION = 4.2;
				TARGETED_DEVICE_FAMILY = "1,2";
				TEST_HOST = "$(BUILT_PRODUCTS_DIR)/PrepareApp.app/PrepareApp";
			};
			name = Release;
		};
		FA702F6C23919C2200A5613D /* Debug */ = {
			isa = XCBuildConfiguration;
			baseConfigurationReference = E42107B488122C35336F0774 /* Pods-PrepareApp-PrepareAppUITests.debug.xcconfig */;
			buildSettings = {
				ALWAYS_EMBED_SWIFT_STANDARD_LIBRARIES = YES;
				CODE_SIGN_STYLE = Automatic;
				INFOPLIST_FILE = PrepareAppUITests/Info.plist;
				LD_RUNPATH_SEARCH_PATHS = (
					"$(inherited)",
					"@executable_path/Frameworks",
					"@loader_path/Frameworks",
				);
				PRODUCT_BUNDLE_IDENTIFIER = com.aridov.PrepareAppUITests;
				PRODUCT_NAME = "$(TARGET_NAME)";
				SWIFT_VERSION = 4.2;
				TARGETED_DEVICE_FAMILY = "1,2";
				TEST_TARGET_NAME = PrepareApp;
			};
			name = Debug;
		};
		FA702F6D23919C2200A5613D /* Release */ = {
			isa = XCBuildConfiguration;
			baseConfigurationReference = B9B2E9D2DE653616D02B82D7 /* Pods-PrepareApp-PrepareAppUITests.release.xcconfig */;
			buildSettings = {
				ALWAYS_EMBED_SWIFT_STANDARD_LIBRARIES = YES;
				CODE_SIGN_STYLE = Automatic;
				INFOPLIST_FILE = PrepareAppUITests/Info.plist;
				LD_RUNPATH_SEARCH_PATHS = (
					"$(inherited)",
					"@executable_path/Frameworks",
					"@loader_path/Frameworks",
				);
				PRODUCT_BUNDLE_IDENTIFIER = com.aridov.PrepareAppUITests;
				PRODUCT_NAME = "$(TARGET_NAME)";
				SWIFT_VERSION = 4.2;
				TARGETED_DEVICE_FAMILY = "1,2";
				TEST_TARGET_NAME = PrepareApp;
			};
			name = Release;
		};
/* End XCBuildConfiguration section */

/* Begin XCConfigurationList section */
		FA702F3823919C2100A5613D /* Build configuration list for PBXProject "PrepareApp" */ = {
			isa = XCConfigurationList;
			buildConfigurations = (
				FA702F6323919C2200A5613D /* Debug */,
				FA702F6423919C2200A5613D /* Release */,
			);
			defaultConfigurationIsVisible = 0;
			defaultConfigurationName = Release;
		};
		FA702F6523919C2200A5613D /* Build configuration list for PBXNativeTarget "PrepareApp" */ = {
			isa = XCConfigurationList;
			buildConfigurations = (
				FA702F6623919C2200A5613D /* Debug */,
				FA702F6723919C2200A5613D /* Release */,
			);
			defaultConfigurationIsVisible = 0;
			defaultConfigurationName = Release;
		};
		FA702F6823919C2200A5613D /* Build configuration list for PBXNativeTarget "PrepareAppTests" */ = {
			isa = XCConfigurationList;
			buildConfigurations = (
				FA702F6923919C2200A5613D /* Debug */,
				FA702F6A23919C2200A5613D /* Release */,
			);
			defaultConfigurationIsVisible = 0;
			defaultConfigurationName = Release;
		};
		FA702F6B23919C2200A5613D /* Build configuration list for PBXNativeTarget "PrepareAppUITests" */ = {
			isa = XCConfigurationList;
			buildConfigurations = (
				FA702F6C23919C2200A5613D /* Debug */,
				FA702F6D23919C2200A5613D /* Release */,
			);
			defaultConfigurationIsVisible = 0;
			defaultConfigurationName = Release;
		};
/* End XCConfigurationList section */
	};
	rootObject = FA702F3523919C2100A5613D /* Project object */;
}
